<?xml version="1.0" encoding="utf-8"?>
<Project ToolsVersion="4.0" xmlns="http://schemas.microsoft.com/developer/msbuild/2003">
  <ItemGroup>
    <Filter Include="Core">
      <UniqueIdentifier>{2EB4837C-1AEB-840D-C3D7-6A10AFED000F}</UniqueIdentifier>
    </Filter>
    <Filter Include="Core\Events">
      <UniqueIdentifier>{52201B74-BED5-9369-47CA-8D40B37E8A6D}</UniqueIdentifier>
    </Filter>
    <Filter Include="Core\IO">
      <UniqueIdentifier>{153F7134-811E-F0CF-8A36-7BA6F6945631}</UniqueIdentifier>
    </Filter>
    <Filter Include="Core\Input">
      <UniqueIdentifier>{AD4E7BCD-9906-BD1A-020E-9676EEE4570B}</UniqueIdentifier>
    </Filter>
    <Filter Include="Core\Logging">
      <UniqueIdentifier>{C4E22202-B045-B2A6-59CB-EA5C450D7E29}</UniqueIdentifier>
    </Filter>
    <Filter Include="Core\Logging\Sinks">
      <UniqueIdentifier>{1BC396E0-07A7-5736-7007-52895C0A42B8}</UniqueIdentifier>
    </Filter>
    <Filter Include="Core\MainLoop">
      <UniqueIdentifier>{1CD92A02-8899-A638-51D4-EFB5BD53EB14}</UniqueIdentifier>
    </Filter>
    <Filter Include="Core\Math">
      <UniqueIdentifier>{C7E5BF15-3350-748C-7C8E-2532E83752E1}</UniqueIdentifier>
    </Filter>
    <Filter Include="Core\Platform">
      <UniqueIdentifier>{42848203-AE44-FE39-777F-47B7E3FE4216}</UniqueIdentifier>
    </Filter>
    <Filter Include="Core\Services">
      <UniqueIdentifier>{C1AD3DD5-2D6E-B90B-F6A8-02896228FEE7}</UniqueIdentifier>
    </Filter>
    <Filter Include="Core\Types">
      <UniqueIdentifier>{526248CE-3E1A-8A1B-A721-637793F8240C}</UniqueIdentifier>
    </Filter>
    <Filter Include="Platforms">
      <UniqueIdentifier>{DDACA145-4917-56BC-9255-0762FEFE3311}</UniqueIdentifier>
    </Filter>
    <Filter Include="Platforms\Windows">
      <UniqueIdentifier>{17E40808-83FA-069E-CC71-92BF38C7D725}</UniqueIdentifier>
    </Filter>
    <Filter Include="Rendering">
      <UniqueIdentifier>{E3AE1F7C-4F19-D4F2-9857-85980401B247}</UniqueIdentifier>
    </Filter>
    <Filter Include="Rendering\Graphics">
      <UniqueIdentifier>{83E6F56D-6FCA-B6C3-D82A-B116C42DA145}</UniqueIdentifier>
    </Filter>
    <Filter Include="Rendering\Graphics\RHI">
      <UniqueIdentifier>{359CD6AB-2196-FFFD-0A03-960EF69B656A}</UniqueIdentifier>
    </Filter>
    <Filter Include="Rendering\Graphics\RHI\Vulkan">
      <UniqueIdentifier>{153C7F39-8154-6663-4A01-F6FCB6D8FAFC}</UniqueIdentifier>
    </Filter>
    <Filter Include="Rendering\Pipeline">
      <UniqueIdentifier>{68C6B229-54AA-737F-BD0A-6ED2A90D5E01}</UniqueIdentifier>
    </Filter>
    <Filter Include="Windowing">
      <UniqueIdentifier>{5BEA4C74-C754-01EB-1093-B2907C3CDF3F}</UniqueIdentifier>
    </Filter>
  </ItemGroup>
  <ItemGroup>
    <ClInclude Include="Core\Application.h">
      <Filter>Core</Filter>
    </ClInclude>
    <ClInclude Include="Core\Asserts.h">
      <Filter>Core</Filter>
    </ClInclude>
    <ClInclude Include="Core\Core.h">
      <Filter>Core</Filter>
    </ClInclude>
    <ClInclude Include="Core\Engine.h">
      <Filter>Core</Filter>
    </ClInclude>
    <ClInclude Include="Core\Events\Event.h">
      <Filter>Core\Events</Filter>
    </ClInclude>
    <ClInclude Include="Core\Events\Query.h">
      <Filter>Core\Events</Filter>
    </ClInclude>
    <ClInclude Include="Core\Events\QueryHandler.h">
      <Filter>Core\Events</Filter>
    </ClInclude>
    <ClInclude Include="Core\ExitCodes.h">
      <Filter>Core</Filter>
    </ClInclude>
    <ClInclude Include="Core\IO\File.h">
      <Filter>Core\IO</Filter>
    </ClInclude>
    <ClInclude Include="Core\IO\FileTypes.h">
      <Filter>Core\IO</Filter>
    </ClInclude>
    <ClInclude Include="Core\Input\InputService.h">
      <Filter>Core\Input</Filter>
    </ClInclude>
    <ClInclude Include="Core\Input\InputTypes.h">
      <Filter>Core\Input</Filter>
    </ClInclude>
    <ClInclude Include="Core\Input\Keyboard.h">
      <Filter>Core\Input</Filter>
    </ClInclude>
    <ClInclude Include="Core\Input\Mouse.h">
      <Filter>Core\Input</Filter>
    </ClInclude>
    <ClInclude Include="Core\Logging\LogLevel.h">
      <Filter>Core\Logging</Filter>
    </ClInclude>
    <ClInclude Include="Core\Logging\LogSink.h">
      <Filter>Core\Logging</Filter>
    </ClInclude>
    <ClInclude Include="Core\Logging\Logger.h">
      <Filter>Core\Logging</Filter>
    </ClInclude>
    <ClInclude Include="Core\Logging\Sinks\ConsoleLogSink.h">
      <Filter>Core\Logging\Sinks</Filter>
    </ClInclude>
    <ClInclude Include="Core\MainLoop\MainLoop.h">
      <Filter>Core\MainLoop</Filter>
    </ClInclude>
    <ClInclude Include="Core\MainLoop\MainLoopTickListener.h">
      <Filter>Core\MainLoop</Filter>
    </ClInclude>
    <ClInclude Include="Core\Math\Math.h">
      <Filter>Core\Math</Filter>
    </ClInclude>
    <ClInclude Include="Core\Math\Random.h">
      <Filter>Core\Math</Filter>
    </ClInclude>
    <ClInclude Include="Core\Platform\EnginePlatformTypes.h">
      <Filter>Core\Platform</Filter>
    </ClInclude>
    <ClInclude Include="Core\Platform\IEnginePlatform.h">
      <Filter>Core\Platform</Filter>
    </ClInclude>
    <ClInclude Include="Core\Services\EngineService.h">
      <Filter>Core\Services</Filter>
    </ClInclude>
    <ClInclude Include="Core\Services\EngineServiceManager.h">
      <Filter>Core\Services</Filter>
    </ClInclude>
    <ClInclude Include="Core\Types\Array.h">
      <Filter>Core\Types</Filter>
    </ClInclude>
    <ClInclude Include="Core\Types\Color.h">
      <Filter>Core\Types</Filter>
    </ClInclude>
    <ClInclude Include="Core\Types\DateTime.h">
      <Filter>Core\Types</Filter>
    </ClInclude>
    <ClInclude Include="Core\Types\Exceptions.h">
      <Filter>Core\Types</Filter>
    </ClInclude>
    <ClInclude Include="Core\Types\List.h">
      <Filter>Core\Types</Filter>
    </ClInclude>
    <ClInclude Include="Core\Types\Map.h">
      <Filter>Core\Types</Filter>
    </ClInclude>
    <ClInclude Include="Core\Types\Matrix.h">
      <Filter>Core\Types</Filter>
    </ClInclude>
    <ClInclude Include="Core\Types\Optional.h">
      <Filter>Core\Types</Filter>
    </ClInclude>
    <ClInclude Include="Core\Types\Quaternion.h">
      <Filter>Core\Types</Filter>
    </ClInclude>
    <ClInclude Include="Core\Types\Ref.h">
      <Filter>Core\Types</Filter>
    </ClInclude>
    <ClInclude Include="Core\Types\Set.h">
      <Filter>Core\Types</Filter>
    </ClInclude>
    <ClInclude Include="Core\Types\Size.h">
      <Filter>Core\Types</Filter>
    </ClInclude>
    <ClInclude Include="Core\Types\String.h">
      <Filter>Core\Types</Filter>
    </ClInclude>
    <ClInclude Include="Core\Types\TimeSpan.h">
      <Filter>Core\Types</Filter>
    </ClInclude>
    <ClInclude Include="Core\Types\Vector.h">
      <Filter>Core\Types</Filter>
    </ClInclude>
    <ClInclude Include="Core\Types\Version.h">
      <Filter>Core\Types</Filter>
    </ClInclude>
    <ClInclude Include="Platforms\Windows\CoreWindows.h">
      <Filter>Platforms\Windows</Filter>
    </ClInclude>
    <ClInclude Include="Platforms\Windows\EnginePlatformWindows.h">
      <Filter>Platforms\Windows</Filter>
    </ClInclude>
    <ClInclude Include="Platforms\Windows\WindowsIncludes.h">
      <Filter>Platforms\Windows</Filter>
    </ClInclude>
    <ClInclude Include="Platforms\Windows\WindowsWindow.h">
      <Filter>Platforms\Windows</Filter>
    </ClInclude>
    <ClInclude Include="Rendering\Graphics\AttachmentDescription.h">
      <Filter>Rendering\Graphics</Filter>
    </ClInclude>
    <ClInclude Include="Rendering\Graphics\CommandBuffer.h">
      <Filter>Rendering\Graphics</Filter>
    </ClInclude>
    <ClInclude Include="Rendering\Graphics\CommandBufferPool.h">
      <Filter>Rendering\Graphics</Filter>
    </ClInclude>
    <ClInclude Include="Rendering\Graphics\GraphicsDevice.h">
      <Filter>Rendering\Graphics</Filter>
    </ClInclude>
    <ClInclude Include="Rendering\Graphics\GraphicsFence.h">
      <Filter>Rendering\Graphics</Filter>
    </ClInclude>
    <ClInclude Include="Rendering\Graphics\GraphicsPlatform.h">
      <Filter>Rendering\Graphics</Filter>
    </ClInclude>
    <ClInclude Include="Rendering\Graphics\GraphicsPlatformTypes.h">
      <Filter>Rendering\Graphics</Filter>
    </ClInclude>
    <ClInclude Include="Rendering\Graphics\GraphicsPresenter.h">
      <Filter>Rendering\Graphics</Filter>
    </ClInclude>
    <ClInclude Include="Rendering\Graphics\GraphicsResource.h">
      <Filter>Rendering\Graphics</Filter>
    </ClInclude>
    <ClInclude Include="Rendering\Graphics\GraphicsSemaphore.h">
      <Filter>Rendering\Graphics</Filter>
    </ClInclude>
    <ClInclude Include="Rendering\Graphics\Image.h">
      <Filter>Rendering\Graphics</Filter>
    </ClInclude>
    <ClInclude Include="Rendering\Graphics\ImageTypes.h">
      <Filter>Rendering\Graphics</Filter>
    </ClInclude>
    <ClInclude Include="Rendering\Graphics\ImageUtilities.h">
      <Filter>Rendering\Graphics</Filter>
    </ClInclude>
    <ClInclude Include="Rendering\Graphics\PresenterSurfaceInitializationInfo.h">
      <Filter>Rendering\Graphics</Filter>
    </ClInclude>
    <ClInclude Include="Rendering\Graphics\RHI\Vulkan\CommandBufferPoolVulkan.h">
      <Filter>Rendering\Graphics\RHI\Vulkan</Filter>
    </ClInclude>
    <ClInclude Include="Rendering\Graphics\RHI\Vulkan\CommandBufferVulkan.h">
      <Filter>Rendering\Graphics\RHI\Vulkan</Filter>
    </ClInclude>
    <ClInclude Include="Rendering\Graphics\RHI\Vulkan\GraphicsDeviceVulkan.h">
      <Filter>Rendering\Graphics\RHI\Vulkan</Filter>
    </ClInclude>
    <ClInclude Include="Rendering\Graphics\RHI\Vulkan\GraphicsFenceVulkan.h">
      <Filter>Rendering\Graphics\RHI\Vulkan</Filter>
    </ClInclude>
    <ClInclude Include="Rendering\Graphics\RHI\Vulkan\GraphicsPlatformVulkan.h">
      <Filter>Rendering\Graphics\RHI\Vulkan</Filter>
    </ClInclude>
    <ClInclude Include="Rendering\Graphics\RHI\Vulkan\GraphicsPresenterVulkan.h">
      <Filter>Rendering\Graphics\RHI\Vulkan</Filter>
    </ClInclude>
    <ClInclude Include="Rendering\Graphics\RHI\Vulkan\GraphicsSemaphoreVulkan.h">
      <Filter>Rendering\Graphics\RHI\Vulkan</Filter>
    </ClInclude>
    <ClInclude Include="Rendering\Graphics\RHI\Vulkan\ImageVulkan.h">
      <Filter>Rendering\Graphics\RHI\Vulkan</Filter>
    </ClInclude>
    <ClInclude Include="Rendering\Graphics\RHI\Vulkan\RenderContextVulkan.h">
      <Filter>Rendering\Graphics\RHI\Vulkan</Filter>
    </ClInclude>
    <ClInclude Include="Rendering\Graphics\RHI\Vulkan\VulkanIncludes.h">
      <Filter>Rendering\Graphics\RHI\Vulkan</Filter>
    </ClInclude>
    <ClInclude Include="Rendering\Graphics\RHI\Vulkan\VulkanQueue.h">
      <Filter>Rendering\Graphics\RHI\Vulkan</Filter>
    </ClInclude>
    <ClInclude Include="Rendering\Graphics\RHI\Vulkan\VulkanRenderCache.h">
      <Filter>Rendering\Graphics\RHI\Vulkan</Filter>
    </ClInclude>
    <ClInclude Include="Rendering\Graphics\RHI\Vulkan\VulkanShader.h">
      <Filter>Rendering\Graphics\RHI\Vulkan</Filter>
    </ClInclude>
    <ClInclude Include="Rendering\Graphics\RHI\Vulkan\VulkanUtilities.h">
      <Filter>Rendering\Graphics\RHI\Vulkan</Filter>
    </ClInclude>
    <ClInclude Include="Rendering\Graphics\RenderContext.h">
      <Filter>Rendering\Graphics</Filter>
    </ClInclude>
    <ClInclude Include="Rendering\Graphics\RenderView.h">
      <Filter>Rendering\Graphics</Filter>
    </ClInclude>
    <ClInclude Include="Rendering\Graphics\Shader.h">
      <Filter>Rendering\Graphics</Filter>
    </ClInclude>
    <ClInclude Include="Rendering\Graphics\ShaderTypes.h">
      <Filter>Rendering\Graphics</Filter>
    </ClInclude>
    <ClInclude Include="Rendering\Pipeline\IRenderPass.h">
      <Filter>Rendering\Pipeline</Filter>
    </ClInclude>
    <ClInclude Include="Rendering\Pipeline\RenderPipeline.h">
      <Filter>Rendering\Pipeline</Filter>
    </ClInclude>
    <ClInclude Include="Rendering\Pipeline\RenderPipelineBinding.h">
      <Filter>Rendering\Pipeline</Filter>
    </ClInclude>
    <ClInclude Include="Rendering\RenderingService.h">
      <Filter>Rendering</Filter>
    </ClInclude>
    <ClInclude Include="Windowing\IWindowingPlatform.h">
      <Filter>Windowing</Filter>
    </ClInclude>
    <ClInclude Include="Windowing\Window.h">
      <Filter>Windowing</Filter>
    </ClInclude>
    <ClInclude Include="Windowing\WindowTypes.h">
      <Filter>Windowing</Filter>
    </ClInclude>
    <ClInclude Include="Windowing\WindowingService.h">
      <Filter>Windowing</Filter>
    </ClInclude>
    <ClInclude Include="Core\Logging\Sinks\FileLogSink.h" />
  </ItemGroup>
  <ItemGroup>
    <ClCompile Include="Core\Application.cpp">
      <Filter>Core</Filter>
    </ClCompile>
    <ClCompile Include="Core\Engine.cpp">
      <Filter>Core</Filter>
    </ClCompile>
    <ClCompile Include="Core\IO\File.cpp">
      <Filter>Core\IO</Filter>
    </ClCompile>
    <ClCompile Include="Core\IO\FileTypes.cpp">
      <Filter>Core\IO</Filter>
    </ClCompile>
    <ClCompile Include="Core\Input\InputService.cpp">
      <Filter>Core\Input</Filter>
    </ClCompile>
    <ClCompile Include="Core\Input\Keyboard.cpp">
      <Filter>Core\Input</Filter>
    </ClCompile>
    <ClCompile Include="Core\Input\Mouse.cpp">
      <Filter>Core\Input</Filter>
    </ClCompile>
    <ClCompile Include="Core\Logging\LogSink.cpp">
      <Filter>Core\Logging</Filter>
    </ClCompile>
    <ClCompile Include="Core\Logging\Logger.cpp">
      <Filter>Core\Logging</Filter>
    </ClCompile>
    <ClCompile Include="Core\Logging\Sinks\ConsoleLogSink.cpp">
      <Filter>Core\Logging\Sinks</Filter>
    </ClCompile>
    <ClCompile Include="Core\MainLoop\MainLoop.cpp">
      <Filter>Core\MainLoop</Filter>
    </ClCompile>
    <ClCompile Include="Core\MainLoop\MainLoopTickListener.cpp">
      <Filter>Core\MainLoop</Filter>
    </ClCompile>
    <ClCompile Include="Core\Math\Math.cpp">
      <Filter>Core\Math</Filter>
    </ClCompile>
    <ClCompile Include="Core\Math\Random.cpp">
      <Filter>Core\Math</Filter>
    </ClCompile>
    <ClCompile Include="Core\Services\EngineServiceManager.cpp">
      <Filter>Core\Services</Filter>
    </ClCompile>
    <ClCompile Include="Core\Types\Color.cpp">
      <Filter>Core\Types</Filter>
    </ClCompile>
    <ClCompile Include="Core\Types\DateTime.cpp">
      <Filter>Core\Types</Filter>
    </ClCompile>
    <ClCompile Include="Core\Types\Matrix.cpp">
      <Filter>Core\Types</Filter>
    </ClCompile>
    <ClCompile Include="Core\Types\Quaternion.cpp">
      <Filter>Core\Types</Filter>
    </ClCompile>
    <ClCompile Include="Core\Types\Size.cpp">
      <Filter>Core\Types</Filter>
    </ClCompile>
    <ClCompile Include="Core\Types\TimeSpan.cpp">
      <Filter>Core\Types</Filter>
    </ClCompile>
    <ClCompile Include="Core\Types\Vector.cpp">
      <Filter>Core\Types</Filter>
    </ClCompile>
    <ClCompile Include="Core\Types\Version.cpp">
      <Filter>Core\Types</Filter>
    </ClCompile>
    <ClCompile Include="Platforms\Windows\EnginePlatformWindows.cpp">
      <Filter>Platforms\Windows</Filter>
    </ClCompile>
    <ClCompile Include="Platforms\Windows\EntryWindows.cpp">
      <Filter>Platforms\Windows</Filter>
    </ClCompile>
    <ClCompile Include="Platforms\Windows\WindowsWindow.cpp">
      <Filter>Platforms\Windows</Filter>
    </ClCompile>
    <ClCompile Include="Rendering\Graphics\AttachmentDescription.cpp">
      <Filter>Rendering\Graphics</Filter>
    </ClCompile>
    <ClCompile Include="Rendering\Graphics\CommandBuffer.cpp">
      <Filter>Rendering\Graphics</Filter>
    </ClCompile>
    <ClCompile Include="Rendering\Graphics\CommandBufferPool.cpp">
      <Filter>Rendering\Graphics</Filter>
    </ClCompile>
    <ClCompile Include="Rendering\Graphics\GraphicsDevice.cpp">
      <Filter>Rendering\Graphics</Filter>
    </ClCompile>
    <ClCompile Include="Rendering\Graphics\GraphicsPlatform.cpp">
      <Filter>Rendering\Graphics</Filter>
    </ClCompile>
    <ClCompile Include="Rendering\Graphics\GraphicsResource.cpp">
      <Filter>Rendering\Graphics</Filter>
    </ClCompile>
    <ClCompile Include="Rendering\Graphics\Image.cpp">
      <Filter>Rendering\Graphics</Filter>
    </ClCompile>
    <ClCompile Include="Rendering\Graphics\ImageUtilities.cpp">
      <Filter>Rendering\Graphics</Filter>
    </ClCompile>
    <ClCompile Include="Rendering\Graphics\RHI\Vulkan\CommandBufferPoolVulkan.cpp">
      <Filter>Rendering\Graphics\RHI\Vulkan</Filter>
    </ClCompile>
    <ClCompile Include="Rendering\Graphics\RHI\Vulkan\CommandBufferVulkan.cpp">
      <Filter>Rendering\Graphics\RHI\Vulkan</Filter>
    </ClCompile>
    <ClCompile Include="Rendering\Graphics\RHI\Vulkan\GraphicsDeviceVulkan.cpp">
      <Filter>Rendering\Graphics\RHI\Vulkan</Filter>
    </ClCompile>
    <ClCompile Include="Rendering\Graphics\RHI\Vulkan\GraphicsFenceVulkan.cpp">
      <Filter>Rendering\Graphics\RHI\Vulkan</Filter>
    </ClCompile>
    <ClCompile Include="Rendering\Graphics\RHI\Vulkan\GraphicsPlatformVulkan.cpp">
      <Filter>Rendering\Graphics\RHI\Vulkan</Filter>
    </ClCompile>
    <ClCompile Include="Rendering\Graphics\RHI\Vulkan\GraphicsPresenterVulkan.cpp">
      <Filter>Rendering\Graphics\RHI\Vulkan</Filter>
    </ClCompile>
    <ClCompile Include="Rendering\Graphics\RHI\Vulkan\GraphicsSemaphoreVulkan.cpp">
      <Filter>Rendering\Graphics\RHI\Vulkan</Filter>
    </ClCompile>
    <ClCompile Include="Rendering\Graphics\RHI\Vulkan\ImageVulkan.cpp">
      <Filter>Rendering\Graphics\RHI\Vulkan</Filter>
    </ClCompile>
    <ClCompile Include="Rendering\Graphics\RHI\Vulkan\RenderContextVulkan.cpp">
      <Filter>Rendering\Graphics\RHI\Vulkan</Filter>
    </ClCompile>
    <ClCompile Include="Rendering\Graphics\RHI\Vulkan\VulkanQueue.cpp">
      <Filter>Rendering\Graphics\RHI\Vulkan</Filter>
    </ClCompile>
    <ClCompile Include="Rendering\Graphics\RHI\Vulkan\VulkanRenderCache.cpp">
      <Filter>Rendering\Graphics\RHI\Vulkan</Filter>
    </ClCompile>
    <ClCompile Include="Rendering\Graphics\RHI\Vulkan\VulkanShader.cpp">
      <Filter>Rendering\Graphics\RHI\Vulkan</Filter>
    </ClCompile>
    <ClCompile Include="Rendering\Graphics\RHI\Vulkan\VulkanUtilities.cpp">
      <Filter>Rendering\Graphics\RHI\Vulkan</Filter>
    </ClCompile>
    <ClCompile Include="Rendering\Graphics\RenderContext.cpp">
      <Filter>Rendering\Graphics</Filter>
    </ClCompile>
    <ClCompile Include="Rendering\Graphics\RenderView.cpp">
      <Filter>Rendering\Graphics</Filter>
    </ClCompile>
    <ClCompile Include="Rendering\Graphics\Shader.cpp">
      <Filter>Rendering\Graphics</Filter>
    </ClCompile>
    <ClCompile Include="Rendering\Pipeline\RenderPipeline.cpp">
      <Filter>Rendering\Pipeline</Filter>
    </ClCompile>
    <ClCompile Include="Rendering\Pipeline\RenderPipelineBinding.cpp">
      <Filter>Rendering\Pipeline</Filter>
    </ClCompile>
    <ClCompile Include="Rendering\RenderingService.cpp">
      <Filter>Rendering</Filter>
    </ClCompile>
    <ClCompile Include="Windowing\Window.cpp">
      <Filter>Windowing</Filter>
    </ClCompile>
    <ClCompile Include="Windowing\WindowingService.cpp">
      <Filter>Windowing</Filter>
    </ClCompile>
    <ClCompile Include="Core\Logging\Sinks\FileLogSink.cpp" />
  </ItemGroup>
</Project>