
Microsoft Visual Studio Solution File, Format Version 12.00
# Visual Studio Version 16
Project("{8BC9CEB8-8B4A-11D0-8D11-00A0C91BC942}") = "CocoSandbox", "examples\CocoSandbox\CocoSandbox.vcxproj", "{B84A52EF-2400-CBE4-ADF4-C4BB19A9C1E8}"
EndProject
Project("{2150E333-8FDC-42A3-9474-1A3956D46DE8}") = "Engine", "Engine", "{8249BEE1-6EAC-4D86-1732-863C03741909}"
EndProject
Project("{8BC9CEB8-8B4A-11D0-8D11-00A0C91BC942}") = "Coco", "src\Coco\Coco.vcxproj", "{49B2837C-35E9-840D-DED5-6A10CAEB000F}"
EndProject
Global
	GlobalSection(SolutionConfigurationPlatforms) = preSolution
		Debug|Win64 = Debug|Win64
		Release|Win64 = Release|Win64
	EndGlobalSection
	GlobalSection(ProjectConfigurationPlatforms) = postSolution
		{B84A52EF-2400-CBE4-ADF4-C4BB19A9C1E8}.Debug|Win64.ActiveCfg = Debug Win64|x64
		{B84A52EF-2400-CBE4-ADF4-C4BB19A9C1E8}.Debug|Win64.Build.0 = Debug Win64|x64
		{B84A52EF-2400-CBE4-ADF4-C4BB19A9C1E8}.Release|Win64.ActiveCfg = Release Win64|x64
		{B84A52EF-2400-CBE4-ADF4-C4BB19A9C1E8}.Release|Win64.Build.0 = Release Win64|x64
		{49B2837C-35E9-840D-DED5-6A10CAEB000F}.Debug|Win64.ActiveCfg = Debug Win64|x64
		{49B2837C-35E9-840D-DED5-6A10CAEB000F}.Debug|Win64.Build.0 = Debug Win64|x64
		{49B2837C-35E9-840D-DED5-6A10CAEB000F}.Release|Win64.ActiveCfg = Release Win64|x64
		{49B2837C-35E9-840D-DED5-6A10CAEB000F}.Release|Win64.Build.0 = Release Win64|x64
	EndGlobalSection
	GlobalSection(SolutionProperties) = preSolution
		HideSolutionNode = FALSE
	EndGlobalSection
	GlobalSection(NestedProjects) = preSolution
		{49B2837C-35E9-840D-DED5-6A10CAEB000F} = {8249BEE1-6EAC-4D86-1732-863C03741909}
	EndGlobalSection
EndGlobal
